
Microsoft Visual Studio Solution File, Format Version 12.00
# Visual Studio Version 17
VisualStudioVersion = 17.0.32014.148
MinimumVisualStudioVersion = 10.0.40219.1
Project("{FAE04EC0-301F-11D3-BF4B-00C04F79EFBC}") = "two-sum", "two-sum\two-sum.csproj", "{65CB76AC-FF19-4C6B-BCF4-7C37C0D4191C}"
EndProject
Global
	GlobalSection(SolutionConfigurationPlatforms) = preSolution
		Debug|Any CPU = Debug|Any CPU
		Release|Any CPU = Release|Any CPU
	EndGlobalSection
	GlobalSection(ProjectConfigurationPlatforms) = postSolution
		{65CB76AC-FF19-4C6B-BCF4-7C37C0D4191C}.Debug|Any CPU.ActiveCfg = Debug|Any CPU
		{65CB76AC-FF19-4C6B-BCF4-7C37C0D4191C}.Debug|Any CPU.Build.0 = Debug|Any CPU
		{65CB76AC-FF19-4C6B-BCF4-7C37C0D4191C}.Release|Any CPU.ActiveCfg = Release|Any CPU
		{65CB76AC-FF19-4C6B-BCF4-7C37C0D4191C}.Release|Any CPU.Build.0 = Release|Any CPU
	EndGlobalSection
	GlobalSection(SolutionProperties) = preSolution
		HideSolutionNode = FALSE
	EndGlobalSection
	GlobalSection(ExtensibilityGlobals) = postSolution
		SolutionGuid = {1332034B-44D8-4BCE-AC49-7794A5714571}
	EndGlobalSection
EndGlobal
